
Microsoft Visual Studio Solution File, Format Version 12.00
# Visual Studio 15
VisualStudioVersion = 15.0.26430.14
MinimumVisualStudioVersion = 10.0.40219.1
Project("{FAE04EC0-301F-11D3-BF4B-00C04F79EFBC}") = "AppReport", "AppReport\AppReport.csproj", "{623D8CAB-4701-40F2-B5B9-635C59F3E1D9}"
EndProject
Project("{E53339B2-1760-4266-BCC7-CA923CBCF16C}") = "docker-compose", "docker-compose.dcproj", "{D36181A6-AA85-4B7B-A1AF-CDD16E70CB75}"
EndProject
Global
	GlobalSection(SolutionConfigurationPlatforms) = preSolution
		Debug|Any CPU = Debug|Any CPU
		Release|Any CPU = Release|Any CPU
	EndGlobalSection
	GlobalSection(ProjectConfigurationPlatforms) = postSolution
		{623D8CAB-4701-40F2-B5B9-635C59F3E1D9}.Debug|Any CPU.ActiveCfg = Debug|Any CPU
		{623D8CAB-4701-40F2-B5B9-635C59F3E1D9}.Debug|Any CPU.Build.0 = Debug|Any CPU
		{623D8CAB-4701-40F2-B5B9-635C59F3E1D9}.Release|Any CPU.ActiveCfg = Release|Any CPU
		{623D8CAB-4701-40F2-B5B9-635C59F3E1D9}.Release|Any CPU.Build.0 = Release|Any CPU
		{D36181A6-AA85-4B7B-A1AF-CDD16E70CB75}.Debug|Any CPU.ActiveCfg = Debug|Any CPU
		{D36181A6-AA85-4B7B-A1AF-CDD16E70CB75}.Debug|Any CPU.Build.0 = Debug|Any CPU
		{D36181A6-AA85-4B7B-A1AF-CDD16E70CB75}.Release|Any CPU.ActiveCfg = Release|Any CPU
		{D36181A6-AA85-4B7B-A1AF-CDD16E70CB75}.Release|Any CPU.Build.0 = Release|Any CPU
	EndGlobalSection
	GlobalSection(SolutionProperties) = preSolution
		HideSolutionNode = FALSE
	EndGlobalSection
EndGlobal
